{
  "name": "talib-example",
  "version": "1.0.0",
  "lockfileVersion": 1,
  "requires": true,
  "dependencies": {
    "nan": {
      "version": "2.10.0",
      "resolved": "https://registry.npmjs.org/nan/-/nan-2.10.0.tgz",
      "integrity": "sha512-bAdJv7fBLhWC+/Bls0Oza+mvTaNQtP+1RyhhhvD95pgUJz6XM5IzgmxOkItJ9tkoCiplvAnXI1tNmmUD/eScyA=="
    },
    "talib": {
      "version": "1.0.5",
      "resolved": "https://registry.npmjs.org/talib/-/talib-1.0.5.tgz",
      "integrity": "sha512-lR/6bwDugRG9iqTu4rM/jGKG2SL5qTvVnQzlhM4/Sns4jIJ+IDhoD9K7fuvpjgdY13b5yAAtixKLcQCNoqrvCw==",
      "requires": {
        "nan": "2.10.0"
      }
    }
  }
}
